
Microsoft Visual Studio Solution File, Format Version 12.00
# Visual Studio Version 17
VisualStudioVersion = 17.1.32203.90
MinimumVisualStudioVersion = 10.0.40219.1
Project("{9A19103F-16F7-4668-BE54-9A1E7A4F7556}") = "Treadmill.Domain", "Core\Treadmill.Domain\Treadmill.Domain.csproj", "{72662B8D-005D-4AE6-81E2-CB2E77B413C2}"
EndProject
Project("{9A19103F-16F7-4668-BE54-9A1E7A4F7556}") = "Treadmill.Models", "Core\Treadmill.Models\Treadmill.Models.csproj", "{97DBEB84-90AA-42A3-851E-64E8FB4131E1}"
EndProject
Project("{9A19103F-16F7-4668-BE54-9A1E7A4F7556}") = "Treadmill.Infrastructure", "Infrastructure\Treadmill.Infrastructure\Treadmill.Infrastructure.csproj", "{51109C51-39FD-49FD-AE70-37B3211B9DA4}"
EndProject
Project("{2150E333-8FDC-42A3-9474-1A3956D46DE8}") = "Application", "Application", "{06CEF967-C56D-463B-94CA-69D4C610ADCE}"
EndProject
Project("{2150E333-8FDC-42A3-9474-1A3956D46DE8}") = "Core", "Core", "{FB5C7022-85EC-4EAD-92C1-651F0283006C}"
EndProject
Project("{2150E333-8FDC-42A3-9474-1A3956D46DE8}") = "Infrastructure", "Infrastructure", "{AAA6A452-0143-4E48-A8E7-9D7EDD6C3EA4}"
EndProject
Project("{2150E333-8FDC-42A3-9474-1A3956D46DE8}") = "Tests", "Tests", "{2BB4D330-C6C0-48A8-B529-36A0A80A9207}"
EndProject
Project("{9A19103F-16F7-4668-BE54-9A1E7A4F7556}") = "Treadmill.Adapters.RemoteTreadmill", "Infrastructure\Treadmill.Adapters.RemoteTreadmill\Treadmill.Adapters.RemoteTreadmill.csproj", "{74CE8F62-22F3-45B7-9521-E4043CC23E67}"
EndProject
Project("{9A19103F-16F7-4668-BE54-9A1E7A4F7556}") = "Treadmill.Maui", "Application\Treadmill.Maui\Treadmill.Maui.csproj", "{CFA80EB2-60CE-4DDC-983F-C67638627353}"
EndProject
Global
	GlobalSection(SolutionConfigurationPlatforms) = preSolution
		Debug|Any CPU = Debug|Any CPU
		Release|Any CPU = Release|Any CPU
	EndGlobalSection
	GlobalSection(ProjectConfigurationPlatforms) = postSolution
		{72662B8D-005D-4AE6-81E2-CB2E77B413C2}.Debug|Any CPU.ActiveCfg = Debug|Any CPU
		{72662B8D-005D-4AE6-81E2-CB2E77B413C2}.Debug|Any CPU.Build.0 = Debug|Any CPU
		{72662B8D-005D-4AE6-81E2-CB2E77B413C2}.Release|Any CPU.ActiveCfg = Release|Any CPU
		{72662B8D-005D-4AE6-81E2-CB2E77B413C2}.Release|Any CPU.Build.0 = Release|Any CPU
		{97DBEB84-90AA-42A3-851E-64E8FB4131E1}.Debug|Any CPU.ActiveCfg = Debug|Any CPU
		{97DBEB84-90AA-42A3-851E-64E8FB4131E1}.Debug|Any CPU.Build.0 = Debug|Any CPU
		{97DBEB84-90AA-42A3-851E-64E8FB4131E1}.Release|Any CPU.ActiveCfg = Release|Any CPU
		{97DBEB84-90AA-42A3-851E-64E8FB4131E1}.Release|Any CPU.Build.0 = Release|Any CPU
		{51109C51-39FD-49FD-AE70-37B3211B9DA4}.Debug|Any CPU.ActiveCfg = Debug|Any CPU
		{51109C51-39FD-49FD-AE70-37B3211B9DA4}.Debug|Any CPU.Build.0 = Debug|Any CPU
		{51109C51-39FD-49FD-AE70-37B3211B9DA4}.Release|Any CPU.ActiveCfg = Release|Any CPU
		{51109C51-39FD-49FD-AE70-37B3211B9DA4}.Release|Any CPU.Build.0 = Release|Any CPU
		{74CE8F62-22F3-45B7-9521-E4043CC23E67}.Debug|Any CPU.ActiveCfg = Debug|Any CPU
		{74CE8F62-22F3-45B7-9521-E4043CC23E67}.Debug|Any CPU.Build.0 = Debug|Any CPU
		{74CE8F62-22F3-45B7-9521-E4043CC23E67}.Release|Any CPU.ActiveCfg = Release|Any CPU
		{74CE8F62-22F3-45B7-9521-E4043CC23E67}.Release|Any CPU.Build.0 = Release|Any CPU
		{CFA80EB2-60CE-4DDC-983F-C67638627353}.Debug|Any CPU.ActiveCfg = Debug|Any CPU
		{CFA80EB2-60CE-4DDC-983F-C67638627353}.Debug|Any CPU.Build.0 = Debug|Any CPU
		{CFA80EB2-60CE-4DDC-983F-C67638627353}.Debug|Any CPU.Deploy.0 = Debug|Any CPU
		{CFA80EB2-60CE-4DDC-983F-C67638627353}.Release|Any CPU.ActiveCfg = Release|Any CPU
		{CFA80EB2-60CE-4DDC-983F-C67638627353}.Release|Any CPU.Build.0 = Release|Any CPU
		{CFA80EB2-60CE-4DDC-983F-C67638627353}.Release|Any CPU.Deploy.0 = Release|Any CPU
	EndGlobalSection
	GlobalSection(SolutionProperties) = preSolution
		HideSolutionNode = FALSE
	EndGlobalSection
	GlobalSection(NestedProjects) = preSolution
		{72662B8D-005D-4AE6-81E2-CB2E77B413C2} = {FB5C7022-85EC-4EAD-92C1-651F0283006C}
		{97DBEB84-90AA-42A3-851E-64E8FB4131E1} = {FB5C7022-85EC-4EAD-92C1-651F0283006C}
		{51109C51-39FD-49FD-AE70-37B3211B9DA4} = {AAA6A452-0143-4E48-A8E7-9D7EDD6C3EA4}
		{74CE8F62-22F3-45B7-9521-E4043CC23E67} = {AAA6A452-0143-4E48-A8E7-9D7EDD6C3EA4}
		{CFA80EB2-60CE-4DDC-983F-C67638627353} = {06CEF967-C56D-463B-94CA-69D4C610ADCE}
	EndGlobalSection
	GlobalSection(ExtensibilityGlobals) = postSolution
		SolutionGuid = {31622A81-6C2B-493D-B863-AB1C65E1217D}
	EndGlobalSection
EndGlobal
